
Microsoft Visual Studio Solution File, Format Version 12.00
# Visual Studio Version 17
VisualStudioVersion = 17.0.31903.59
MinimumVisualStudioVersion = 10.0.40219.1
Project("{2150E333-8FDC-42A3-9474-1A3956D46DE8}") = "03 - Application", "03 - Application", "{BFE2894F-D024-4A53-B5AA-A00D8927699C}"
EndProject
Project("{FAE04EC0-301F-11D3-BF4B-00C04F79EFBC}") = "Restaurant.Application", "03 - Application\Restaurant.Application\Restaurant.Application.csproj", "{5147F619-DC91-4C83-A58C-D057279BEDA0}"
EndProject
Project("{2150E333-8FDC-42A3-9474-1A3956D46DE8}") = "02 - Services", "02 - Services", "{5254244A-91E2-4EE1-8870-955A3E95E281}"
EndProject
Project("{FAE04EC0-301F-11D3-BF4B-00C04F79EFBC}") = "Restaurant.Service.API", "02 - Services\Restaurant.Service.API\Restaurant.Service.API.csproj", "{28212375-1E39-4D57-8D39-D322270B70C1}"
EndProject
Project("{2150E333-8FDC-42A3-9474-1A3956D46DE8}") = "04 - Domain", "04 - Domain", "{D75D8371-F8A9-47CD-AF7B-77B77076DB85}"
EndProject
Project("{FAE04EC0-301F-11D3-BF4B-00C04F79EFBC}") = "Restaurant.Domain", "04 - Domain\Restaurant.Domain\Restaurant.Domain.csproj", "{1E3460A8-19C7-424F-BC03-CDC71897E9D0}"
EndProject
Project("{2150E333-8FDC-42A3-9474-1A3956D46DE8}") = "05 - Infra", "05 - Infra", "{0C4A7CAB-08AF-4366-AD9E-4C7CE72BDB12}"
EndProject
Project("{FAE04EC0-301F-11D3-BF4B-00C04F79EFBC}") = "Restaurant.Infra.Data", "05 - Infra\Restaurant.Infra.Data\Restaurant.Infra.Data.csproj", "{221CFED2-5854-4F0F-9073-A1597ADA18CC}"
EndProject
Project("{FAE04EC0-301F-11D3-BF4B-00C04F79EFBC}") = "Restaurant.Infra.IoC", "05 - Infra\Restaurant.Infra.IoC\Restaurant.Infra.IoC.csproj", "{A263ADEE-FE4A-48A4-A55D-F2896D4430F7}"
EndProject
Global
	GlobalSection(SolutionConfigurationPlatforms) = preSolution
		Debug|Any CPU = Debug|Any CPU
		Release|Any CPU = Release|Any CPU
	EndGlobalSection
	GlobalSection(SolutionProperties) = preSolution
		HideSolutionNode = FALSE
	EndGlobalSection
	GlobalSection(ProjectConfigurationPlatforms) = postSolution
		{5147F619-DC91-4C83-A58C-D057279BEDA0}.Debug|Any CPU.ActiveCfg = Debug|Any CPU
		{5147F619-DC91-4C83-A58C-D057279BEDA0}.Debug|Any CPU.Build.0 = Debug|Any CPU
		{5147F619-DC91-4C83-A58C-D057279BEDA0}.Release|Any CPU.ActiveCfg = Release|Any CPU
		{5147F619-DC91-4C83-A58C-D057279BEDA0}.Release|Any CPU.Build.0 = Release|Any CPU
		{28212375-1E39-4D57-8D39-D322270B70C1}.Debug|Any CPU.ActiveCfg = Debug|Any CPU
		{28212375-1E39-4D57-8D39-D322270B70C1}.Debug|Any CPU.Build.0 = Debug|Any CPU
		{28212375-1E39-4D57-8D39-D322270B70C1}.Release|Any CPU.ActiveCfg = Release|Any CPU
		{28212375-1E39-4D57-8D39-D322270B70C1}.Release|Any CPU.Build.0 = Release|Any CPU
		{1E3460A8-19C7-424F-BC03-CDC71897E9D0}.Debug|Any CPU.ActiveCfg = Debug|Any CPU
		{1E3460A8-19C7-424F-BC03-CDC71897E9D0}.Debug|Any CPU.Build.0 = Debug|Any CPU
		{1E3460A8-19C7-424F-BC03-CDC71897E9D0}.Release|Any CPU.ActiveCfg = Release|Any CPU
		{1E3460A8-19C7-424F-BC03-CDC71897E9D0}.Release|Any CPU.Build.0 = Release|Any CPU
		{221CFED2-5854-4F0F-9073-A1597ADA18CC}.Debug|Any CPU.ActiveCfg = Debug|Any CPU
		{221CFED2-5854-4F0F-9073-A1597ADA18CC}.Debug|Any CPU.Build.0 = Debug|Any CPU
		{221CFED2-5854-4F0F-9073-A1597ADA18CC}.Release|Any CPU.ActiveCfg = Release|Any CPU
		{221CFED2-5854-4F0F-9073-A1597ADA18CC}.Release|Any CPU.Build.0 = Release|Any CPU
		{A263ADEE-FE4A-48A4-A55D-F2896D4430F7}.Debug|Any CPU.ActiveCfg = Debug|Any CPU
		{A263ADEE-FE4A-48A4-A55D-F2896D4430F7}.Debug|Any CPU.Build.0 = Debug|Any CPU
		{A263ADEE-FE4A-48A4-A55D-F2896D4430F7}.Release|Any CPU.ActiveCfg = Release|Any CPU
		{A263ADEE-FE4A-48A4-A55D-F2896D4430F7}.Release|Any CPU.Build.0 = Release|Any CPU
	EndGlobalSection
	GlobalSection(NestedProjects) = preSolution
		{5147F619-DC91-4C83-A58C-D057279BEDA0} = {BFE2894F-D024-4A53-B5AA-A00D8927699C}
		{28212375-1E39-4D57-8D39-D322270B70C1} = {5254244A-91E2-4EE1-8870-955A3E95E281}
		{1E3460A8-19C7-424F-BC03-CDC71897E9D0} = {D75D8371-F8A9-47CD-AF7B-77B77076DB85}
		{221CFED2-5854-4F0F-9073-A1597ADA18CC} = {0C4A7CAB-08AF-4366-AD9E-4C7CE72BDB12}
		{A263ADEE-FE4A-48A4-A55D-F2896D4430F7} = {0C4A7CAB-08AF-4366-AD9E-4C7CE72BDB12}
	EndGlobalSection
EndGlobal
